
Microsoft Visual Studio Solution File, Format Version 12.00
# Visual Studio Version 17
VisualStudioVersion = 17.0.31903.59
MinimumVisualStudioVersion = 10.0.40219.1
Project("{2150E333-8FDC-42A3-9474-1A3956D46DE8}") = "src", "src", "{41B29FFF-C3CD-4AA1-AEF5-D3525279EF05}"
EndProject
Project("{2150E333-8FDC-42A3-9474-1A3956D46DE8}") = "backend", "backend", "{63DA14CF-7332-41D7-B0E6-0B1F6B5796D7}"
EndProject
Project("{FAE04EC0-301F-11D3-BF4B-00C04F79EFBC}") = "RealTimeChat.Domain", "src\backend\RealTimeChat.Domain\RealTimeChat.Domain.csproj", "{EC06B344-086A-47CE-978D-DA340BDAF8C5}"
EndProject
Project("{FAE04EC0-301F-11D3-BF4B-00C04F79EFBC}") = "RealTimeChat.Application", "src\backend\RealTimeChat.Application\RealTimeChat.Application.csproj", "{403979CD-4553-449E-80C7-CE09C6CEF4F4}"
EndProject
Project("{FAE04EC0-301F-11D3-BF4B-00C04F79EFBC}") = "RealTimeChat.Infrastructure", "src\backend\RealTimeChat.Infrastructure\RealTimeChat.Infrastructure.csproj", "{D4CA5CD2-1DD0-4E32-A40A-116B36580325}"
EndProject
Project("{FAE04EC0-301F-11D3-BF4B-00C04F79EFBC}") = "RealTimeChat.Api", "src\backend\RealTimeChat.Api\RealTimeChat.Api.csproj", "{757C0CBC-2C7B-4120-B202-3F0D3AFE44C6}"
EndProject
Project("{2150E333-8FDC-42A3-9474-1A3956D46DE8}") = "frontend", "frontend", "{4A578029-8852-4800-89F9-72AA1F3A409F}"
EndProject
Project("{FAE04EC0-301F-11D3-BF4B-00C04F79EFBC}") = "RealTimeChat.Blazor", "src\frontend\RealTimeChat.Blazor\RealTimeChat.Blazor.csproj", "{32CADDF7-082D-45D8-8AC5-124B7F4D7296}"
EndProject
Project("{2150E333-8FDC-42A3-9474-1A3956D46DE8}") = "shared", "shared", "{6F425206-C46A-485D-B78B-8CE5D8857DEC}"
EndProject
Project("{FAE04EC0-301F-11D3-BF4B-00C04F79EFBC}") = "RealTimeChat.Shared", "src\shared\RealTimeChat.Shared\RealTimeChat.Shared.csproj", "{DF04C522-DA0C-4079-ADF6-587AB2181236}"
EndProject
Project("{2150E333-8FDC-42A3-9474-1A3956D46DE8}") = "tests", "tests", "{579E384F-6B9D-4396-912A-4AFDE8EAFC67}"
EndProject
Project("{FAE04EC0-301F-11D3-BF4B-00C04F79EFBC}") = "RealTimeChat.Application.UnitTests", "tests\RealTimeChat.Application.UnitTests\RealTimeChat.Application.UnitTests.csproj", "{2FE73871-C844-4477-9297-989539CF5D32}"
EndProject
Global
	GlobalSection(SolutionConfigurationPlatforms) = preSolution
		Debug|Any CPU = Debug|Any CPU
		Release|Any CPU = Release|Any CPU
	EndGlobalSection
	GlobalSection(SolutionProperties) = preSolution
		HideSolutionNode = FALSE
	EndGlobalSection
	GlobalSection(ProjectConfigurationPlatforms) = postSolution
		{EC06B344-086A-47CE-978D-DA340BDAF8C5}.Debug|Any CPU.ActiveCfg = Debug|Any CPU
		{EC06B344-086A-47CE-978D-DA340BDAF8C5}.Debug|Any CPU.Build.0 = Debug|Any CPU
		{EC06B344-086A-47CE-978D-DA340BDAF8C5}.Release|Any CPU.ActiveCfg = Release|Any CPU
		{EC06B344-086A-47CE-978D-DA340BDAF8C5}.Release|Any CPU.Build.0 = Release|Any CPU
		{403979CD-4553-449E-80C7-CE09C6CEF4F4}.Debug|Any CPU.ActiveCfg = Debug|Any CPU
		{403979CD-4553-449E-80C7-CE09C6CEF4F4}.Debug|Any CPU.Build.0 = Debug|Any CPU
		{403979CD-4553-449E-80C7-CE09C6CEF4F4}.Release|Any CPU.ActiveCfg = Release|Any CPU
		{403979CD-4553-449E-80C7-CE09C6CEF4F4}.Release|Any CPU.Build.0 = Release|Any CPU
		{D4CA5CD2-1DD0-4E32-A40A-116B36580325}.Debug|Any CPU.ActiveCfg = Debug|Any CPU
		{D4CA5CD2-1DD0-4E32-A40A-116B36580325}.Debug|Any CPU.Build.0 = Debug|Any CPU
		{D4CA5CD2-1DD0-4E32-A40A-116B36580325}.Release|Any CPU.ActiveCfg = Release|Any CPU
		{D4CA5CD2-1DD0-4E32-A40A-116B36580325}.Release|Any CPU.Build.0 = Release|Any CPU
		{757C0CBC-2C7B-4120-B202-3F0D3AFE44C6}.Debug|Any CPU.ActiveCfg = Debug|Any CPU
		{757C0CBC-2C7B-4120-B202-3F0D3AFE44C6}.Debug|Any CPU.Build.0 = Debug|Any CPU
		{757C0CBC-2C7B-4120-B202-3F0D3AFE44C6}.Release|Any CPU.ActiveCfg = Release|Any CPU
		{757C0CBC-2C7B-4120-B202-3F0D3AFE44C6}.Release|Any CPU.Build.0 = Release|Any CPU
		{32CADDF7-082D-45D8-8AC5-124B7F4D7296}.Debug|Any CPU.ActiveCfg = Debug|Any CPU
		{32CADDF7-082D-45D8-8AC5-124B7F4D7296}.Debug|Any CPU.Build.0 = Debug|Any CPU
		{32CADDF7-082D-45D8-8AC5-124B7F4D7296}.Release|Any CPU.ActiveCfg = Release|Any CPU
		{32CADDF7-082D-45D8-8AC5-124B7F4D7296}.Release|Any CPU.Build.0 = Release|Any CPU
		{DF04C522-DA0C-4079-ADF6-587AB2181236}.Debug|Any CPU.ActiveCfg = Debug|Any CPU
		{DF04C522-DA0C-4079-ADF6-587AB2181236}.Debug|Any CPU.Build.0 = Debug|Any CPU
		{DF04C522-DA0C-4079-ADF6-587AB2181236}.Release|Any CPU.ActiveCfg = Release|Any CPU
		{DF04C522-DA0C-4079-ADF6-587AB2181236}.Release|Any CPU.Build.0 = Release|Any CPU
		{2FE73871-C844-4477-9297-989539CF5D32}.Debug|Any CPU.ActiveCfg = Debug|Any CPU
		{2FE73871-C844-4477-9297-989539CF5D32}.Debug|Any CPU.Build.0 = Debug|Any CPU
		{2FE73871-C844-4477-9297-989539CF5D32}.Release|Any CPU.ActiveCfg = Release|Any CPU
		{2FE73871-C844-4477-9297-989539CF5D32}.Release|Any CPU.Build.0 = Release|Any CPU
	EndGlobalSection
	GlobalSection(NestedProjects) = preSolution
		{63DA14CF-7332-41D7-B0E6-0B1F6B5796D7} = {41B29FFF-C3CD-4AA1-AEF5-D3525279EF05}
		{EC06B344-086A-47CE-978D-DA340BDAF8C5} = {63DA14CF-7332-41D7-B0E6-0B1F6B5796D7}
		{403979CD-4553-449E-80C7-CE09C6CEF4F4} = {63DA14CF-7332-41D7-B0E6-0B1F6B5796D7}
		{D4CA5CD2-1DD0-4E32-A40A-116B36580325} = {63DA14CF-7332-41D7-B0E6-0B1F6B5796D7}
		{757C0CBC-2C7B-4120-B202-3F0D3AFE44C6} = {63DA14CF-7332-41D7-B0E6-0B1F6B5796D7}
		{4A578029-8852-4800-89F9-72AA1F3A409F} = {41B29FFF-C3CD-4AA1-AEF5-D3525279EF05}
		{32CADDF7-082D-45D8-8AC5-124B7F4D7296} = {4A578029-8852-4800-89F9-72AA1F3A409F}
		{6F425206-C46A-485D-B78B-8CE5D8857DEC} = {41B29FFF-C3CD-4AA1-AEF5-D3525279EF05}
		{DF04C522-DA0C-4079-ADF6-587AB2181236} = {6F425206-C46A-485D-B78B-8CE5D8857DEC}
		{2FE73871-C844-4477-9297-989539CF5D32} = {579E384F-6B9D-4396-912A-4AFDE8EAFC67}
	EndGlobalSection
EndGlobal
